
Microsoft Visual Studio Solution File, Format Version 12.00
# Visual Studio Version 17
VisualStudioVersion = 17.5.33424.131
MinimumVisualStudioVersion = 10.0.40219.1
Project("{FAE04EC0-301F-11D3-BF4B-00C04F79EFBC}") = "ZoomBox", "ZoomBox\ZoomBox.csproj", "{4AD603FD-51A5-4832-8D20-58367F1BAE3E}"
EndProject
Project("{FAE04EC0-301F-11D3-BF4B-00C04F79EFBC}") = "ZoomBoxDemo", "ZoomBoxDemo\ZoomBoxDemo.csproj", "{F8B4049A-935B-4D79-9C7D-0B3DDC719316}"
EndProject
Global
	GlobalSection(SolutionConfigurationPlatforms) = preSolution
		Debug|Any CPU = Debug|Any CPU
		Release|Any CPU = Release|Any CPU
	EndGlobalSection
	GlobalSection(ProjectConfigurationPlatforms) = postSolution
		{4AD603FD-51A5-4832-8D20-58367F1BAE3E}.Debug|Any CPU.ActiveCfg = Debug|Any CPU
		{4AD603FD-51A5-4832-8D20-58367F1BAE3E}.Debug|Any CPU.Build.0 = Debug|Any CPU
		{4AD603FD-51A5-4832-8D20-58367F1BAE3E}.Release|Any CPU.ActiveCfg = Release|Any CPU
		{4AD603FD-51A5-4832-8D20-58367F1BAE3E}.Release|Any CPU.Build.0 = Release|Any CPU
		{F8B4049A-935B-4D79-9C7D-0B3DDC719316}.Debug|Any CPU.ActiveCfg = Debug|Any CPU
		{F8B4049A-935B-4D79-9C7D-0B3DDC719316}.Debug|Any CPU.Build.0 = Debug|Any CPU
		{F8B4049A-935B-4D79-9C7D-0B3DDC719316}.Release|Any CPU.ActiveCfg = Release|Any CPU
		{F8B4049A-935B-4D79-9C7D-0B3DDC719316}.Release|Any CPU.Build.0 = Release|Any CPU
	EndGlobalSection
	GlobalSection(SolutionProperties) = preSolution
		HideSolutionNode = FALSE
	EndGlobalSection
	GlobalSection(ExtensibilityGlobals) = postSolution
		SolutionGuid = {CD8850AD-AF50-49E6-AD10-D387BD8DE9F1}
	EndGlobalSection
EndGlobal
